
Microsoft Visual Studio Solution File, Format Version 12.00
# Visual Studio Version 16
VisualStudioVersion = 16.0.31729.503
MinimumVisualStudioVersion = 10.0.40219.1
Project("{8BC9CEB8-8B4A-11D0-8D11-00A0C91BC942}") = "CheatDriver", "CheatDriver\CheatDriver.vcxproj", "{D8398BC6-E9BD-455C-AB18-0376F69CD03F}"
EndProject
Project("{8BC9CEB8-8B4A-11D0-8D11-00A0C91BC942}") = "CheatClient", "CheatClient\CheatClient.vcxproj", "{A668A82B-0273-4061-BE1F-B9E7FAE97DD9}"
EndProject
Project("{8BC9CEB8-8B4A-11D0-8D11-00A0C91BC942}") = "AntiCheatDriver", "AntiCheatDriver\AntiCheatDriver.vcxproj", "{BF065E4E-B626-4BF5-87FE-C8A59C5A728E}"
EndProject
Project("{8BC9CEB8-8B4A-11D0-8D11-00A0C91BC942}") = "AntiCheatClient", "AntiCheatClient\AntiCheatClient.vcxproj", "{A3CFD095-1AF9-4F08-8F91-3A0859DAF93D}"
EndProject
Global
	GlobalSection(SolutionConfigurationPlatforms) = preSolution
		Debug|ARM = Debug|ARM
		Debug|ARM64 = Debug|ARM64
		Debug|x64 = Debug|x64
		Debug|x86 = Debug|x86
		Release|ARM = Release|ARM
		Release|ARM64 = Release|ARM64
		Release|x64 = Release|x64
		Release|x86 = Release|x86
	EndGlobalSection
	GlobalSection(ProjectConfigurationPlatforms) = postSolution
		{D8398BC6-E9BD-455C-AB18-0376F69CD03F}.Debug|ARM.ActiveCfg = Debug|ARM
		{D8398BC6-E9BD-455C-AB18-0376F69CD03F}.Debug|ARM.Build.0 = Debug|ARM
		{D8398BC6-E9BD-455C-AB18-0376F69CD03F}.Debug|ARM.Deploy.0 = Debug|ARM
		{D8398BC6-E9BD-455C-AB18-0376F69CD03F}.Debug|ARM64.ActiveCfg = Debug|ARM64
		{D8398BC6-E9BD-455C-AB18-0376F69CD03F}.Debug|ARM64.Build.0 = Debug|ARM64
		{D8398BC6-E9BD-455C-AB18-0376F69CD03F}.Debug|ARM64.Deploy.0 = Debug|ARM64
		{D8398BC6-E9BD-455C-AB18-0376F69CD03F}.Debug|x64.ActiveCfg = Debug|x64
		{D8398BC6-E9BD-455C-AB18-0376F69CD03F}.Debug|x64.Build.0 = Debug|x64
		{D8398BC6-E9BD-455C-AB18-0376F69CD03F}.Debug|x64.Deploy.0 = Debug|x64
		{D8398BC6-E9BD-455C-AB18-0376F69CD03F}.Debug|x86.ActiveCfg = Debug|Win32
		{D8398BC6-E9BD-455C-AB18-0376F69CD03F}.Debug|x86.Build.0 = Debug|Win32
		{D8398BC6-E9BD-455C-AB18-0376F69CD03F}.Debug|x86.Deploy.0 = Debug|Win32
		{D8398BC6-E9BD-455C-AB18-0376F69CD03F}.Release|ARM.ActiveCfg = Release|ARM
		{D8398BC6-E9BD-455C-AB18-0376F69CD03F}.Release|ARM.Build.0 = Release|ARM
		{D8398BC6-E9BD-455C-AB18-0376F69CD03F}.Release|ARM.Deploy.0 = Release|ARM
		{D8398BC6-E9BD-455C-AB18-0376F69CD03F}.Release|ARM64.ActiveCfg = Release|ARM64
		{D8398BC6-E9BD-455C-AB18-0376F69CD03F}.Release|ARM64.Build.0 = Release|ARM64
		{D8398BC6-E9BD-455C-AB18-0376F69CD03F}.Release|ARM64.Deploy.0 = Release|ARM64
		{D8398BC6-E9BD-455C-AB18-0376F69CD03F}.Release|x64.ActiveCfg = Release|x64
		{D8398BC6-E9BD-455C-AB18-0376F69CD03F}.Release|x64.Build.0 = Release|x64
		{D8398BC6-E9BD-455C-AB18-0376F69CD03F}.Release|x64.Deploy.0 = Release|x64
		{D8398BC6-E9BD-455C-AB18-0376F69CD03F}.Release|x86.ActiveCfg = Release|Win32
		{D8398BC6-E9BD-455C-AB18-0376F69CD03F}.Release|x86.Build.0 = Release|Win32
		{D8398BC6-E9BD-455C-AB18-0376F69CD03F}.Release|x86.Deploy.0 = Release|Win32
		{A668A82B-0273-4061-BE1F-B9E7FAE97DD9}.Debug|ARM.ActiveCfg = Debug|Win32
		{A668A82B-0273-4061-BE1F-B9E7FAE97DD9}.Debug|ARM64.ActiveCfg = Debug|Win32
		{A668A82B-0273-4061-BE1F-B9E7FAE97DD9}.Debug|x64.ActiveCfg = Debug|x64
		{A668A82B-0273-4061-BE1F-B9E7FAE97DD9}.Debug|x64.Build.0 = Debug|x64
		{A668A82B-0273-4061-BE1F-B9E7FAE97DD9}.Debug|x86.ActiveCfg = Debug|Win32
		{A668A82B-0273-4061-BE1F-B9E7FAE97DD9}.Debug|x86.Build.0 = Debug|Win32
		{A668A82B-0273-4061-BE1F-B9E7FAE97DD9}.Release|ARM.ActiveCfg = Release|Win32
		{A668A82B-0273-4061-BE1F-B9E7FAE97DD9}.Release|ARM64.ActiveCfg = Release|Win32
		{A668A82B-0273-4061-BE1F-B9E7FAE97DD9}.Release|x64.ActiveCfg = Release|x64
		{A668A82B-0273-4061-BE1F-B9E7FAE97DD9}.Release|x64.Build.0 = Release|x64
		{A668A82B-0273-4061-BE1F-B9E7FAE97DD9}.Release|x86.ActiveCfg = Release|Win32
		{A668A82B-0273-4061-BE1F-B9E7FAE97DD9}.Release|x86.Build.0 = Release|Win32
		{BF065E4E-B626-4BF5-87FE-C8A59C5A728E}.Debug|ARM.ActiveCfg = Debug|ARM
		{BF065E4E-B626-4BF5-87FE-C8A59C5A728E}.Debug|ARM.Build.0 = Debug|ARM
		{BF065E4E-B626-4BF5-87FE-C8A59C5A728E}.Debug|ARM.Deploy.0 = Debug|ARM
		{BF065E4E-B626-4BF5-87FE-C8A59C5A728E}.Debug|ARM64.ActiveCfg = Debug|ARM64
		{BF065E4E-B626-4BF5-87FE-C8A59C5A728E}.Debug|ARM64.Build.0 = Debug|ARM64
		{BF065E4E-B626-4BF5-87FE-C8A59C5A728E}.Debug|ARM64.Deploy.0 = Debug|ARM64
		{BF065E4E-B626-4BF5-87FE-C8A59C5A728E}.Debug|x64.ActiveCfg = Debug|x64
		{BF065E4E-B626-4BF5-87FE-C8A59C5A728E}.Debug|x64.Build.0 = Debug|x64
		{BF065E4E-B626-4BF5-87FE-C8A59C5A728E}.Debug|x64.Deploy.0 = Debug|x64
		{BF065E4E-B626-4BF5-87FE-C8A59C5A728E}.Debug|x86.ActiveCfg = Debug|Win32
		{BF065E4E-B626-4BF5-87FE-C8A59C5A728E}.Debug|x86.Build.0 = Debug|Win32
		{BF065E4E-B626-4BF5-87FE-C8A59C5A728E}.Debug|x86.Deploy.0 = Debug|Win32
		{BF065E4E-B626-4BF5-87FE-C8A59C5A728E}.Release|ARM.ActiveCfg = Release|ARM
		{BF065E4E-B626-4BF5-87FE-C8A59C5A728E}.Release|ARM.Build.0 = Release|ARM
		{BF065E4E-B626-4BF5-87FE-C8A59C5A728E}.Release|ARM.Deploy.0 = Release|ARM
		{BF065E4E-B626-4BF5-87FE-C8A59C5A728E}.Release|ARM64.ActiveCfg = Release|ARM64
		{BF065E4E-B626-4BF5-87FE-C8A59C5A728E}.Release|ARM64.Build.0 = Release|ARM64
		{BF065E4E-B626-4BF5-87FE-C8A59C5A728E}.Release|ARM64.Deploy.0 = Release|ARM64
		{BF065E4E-B626-4BF5-87FE-C8A59C5A728E}.Release|x64.ActiveCfg = Release|x64
		{BF065E4E-B626-4BF5-87FE-C8A59C5A728E}.Release|x64.Build.0 = Release|x64
		{BF065E4E-B626-4BF5-87FE-C8A59C5A728E}.Release|x64.Deploy.0 = Release|x64
		{BF065E4E-B626-4BF5-87FE-C8A59C5A728E}.Release|x86.ActiveCfg = Release|Win32
		{BF065E4E-B626-4BF5-87FE-C8A59C5A728E}.Release|x86.Build.0 = Release|Win32
		{BF065E4E-B626-4BF5-87FE-C8A59C5A728E}.Release|x86.Deploy.0 = Release|Win32
		{A3CFD095-1AF9-4F08-8F91-3A0859DAF93D}.Debug|ARM.ActiveCfg = Debug|Win32
		{A3CFD095-1AF9-4F08-8F91-3A0859DAF93D}.Debug|ARM64.ActiveCfg = Debug|Win32
		{A3CFD095-1AF9-4F08-8F91-3A0859DAF93D}.Debug|x64.ActiveCfg = Debug|x64
		{A3CFD095-1AF9-4F08-8F91-3A0859DAF93D}.Debug|x64.Build.0 = Debug|x64
		{A3CFD095-1AF9-4F08-8F91-3A0859DAF93D}.Debug|x86.ActiveCfg = Debug|Win32
		{A3CFD095-1AF9-4F08-8F91-3A0859DAF93D}.Debug|x86.Build.0 = Debug|Win32
		{A3CFD095-1AF9-4F08-8F91-3A0859DAF93D}.Release|ARM.ActiveCfg = Release|Win32
		{A3CFD095-1AF9-4F08-8F91-3A0859DAF93D}.Release|ARM64.ActiveCfg = Release|Win32
		{A3CFD095-1AF9-4F08-8F91-3A0859DAF93D}.Release|x64.ActiveCfg = Release|x64
		{A3CFD095-1AF9-4F08-8F91-3A0859DAF93D}.Release|x64.Build.0 = Release|x64
		{A3CFD095-1AF9-4F08-8F91-3A0859DAF93D}.Release|x86.ActiveCfg = Release|Win32
		{A3CFD095-1AF9-4F08-8F91-3A0859DAF93D}.Release|x86.Build.0 = Release|Win32
	EndGlobalSection
	GlobalSection(SolutionProperties) = preSolution
		HideSolutionNode = FALSE
	EndGlobalSection
	GlobalSection(ExtensibilityGlobals) = postSolution
		SolutionGuid = {34D35E73-34BA-4C41-BD21-5DEE4876A0F9}
	EndGlobalSection
EndGlobal
